
Microsoft Visual Studio Solution File, Format Version 12.00
# Visual Studio Version 17
VisualStudioVersion = 17.9.34622.214
MinimumVisualStudioVersion = 10.0.40219.1
Project("{FAE04EC0-301F-11D3-BF4B-00C04F79EFBC}") = "Lista Generica While", "Lista Generica While\Lista Generica While.csproj", "{A5CACE8E-1567-4BBB-9372-E8AC6795B9BF}"
EndProject
Global
	GlobalSection(SolutionConfigurationPlatforms) = preSolution
		Debug|Any CPU = Debug|Any CPU
		Release|Any CPU = Release|Any CPU
	EndGlobalSection
	GlobalSection(ProjectConfigurationPlatforms) = postSolution
		{A5CACE8E-1567-4BBB-9372-E8AC6795B9BF}.Debug|Any CPU.ActiveCfg = Debug|Any CPU
		{A5CACE8E-1567-4BBB-9372-E8AC6795B9BF}.Debug|Any CPU.Build.0 = Debug|Any CPU
		{A5CACE8E-1567-4BBB-9372-E8AC6795B9BF}.Release|Any CPU.ActiveCfg = Release|Any CPU
		{A5CACE8E-1567-4BBB-9372-E8AC6795B9BF}.Release|Any CPU.Build.0 = Release|Any CPU
	EndGlobalSection
	GlobalSection(SolutionProperties) = preSolution
		HideSolutionNode = FALSE
	EndGlobalSection
	GlobalSection(ExtensibilityGlobals) = postSolution
		SolutionGuid = {DA1A3DBF-74C6-40C0-B3A7-4723E538D5AD}
	EndGlobalSection
EndGlobal
